
Microsoft Visual Studio Solution File, Format Version 12.00
# Visual Studio Version 16
VisualStudioVersion = 16.0.29411.108
MinimumVisualStudioVersion = 10.0.40219.1
Project("{FAE04EC0-301F-11D3-BF4B-00C04F79EFBC}") = "TeduShop.Common", "TeduShop.Common\TeduShop.Common.csproj", "{31C2FCD7-DF89-49DA-8D60-B34720CE5E19}"
EndProject
Project("{FAE04EC0-301F-11D3-BF4B-00C04F79EFBC}") = "TeduShop.Model", "TeduShop.Model\TeduShop.Model.csproj", "{0247FFBC-7A94-43E7-B078-28CAD2DECAF7}"
EndProject
Project("{FAE04EC0-301F-11D3-BF4B-00C04F79EFBC}") = "TeduShop.Data", "TeduShop.Data\TeduShop.Data.csproj", "{075757B7-7265-4F78-A9AC-311B75681AB9}"
EndProject
Project("{FAE04EC0-301F-11D3-BF4B-00C04F79EFBC}") = "TeduShop.Service", "TeduShop.Service\TeduShop.Service.csproj", "{CCB5D30C-5A3C-464B-9131-7178909D7DC2}"
EndProject
Project("{FAE04EC0-301F-11D3-BF4B-00C04F79EFBC}") = "TeduShop.UnitTest", "TeduShop.UnitTest\TeduShop.UnitTest.csproj", "{5681CB55-ED10-4EBA-85CF-B61EF31D9036}"
EndProject
Project("{FAE04EC0-301F-11D3-BF4B-00C04F79EFBC}") = "TeduShop.Web", "TeduShop.Web\TeduShop.Web.csproj", "{01EA2928-C33E-4007-B265-EA60DDFC6F4B}"
EndProject
Project("{FAE04EC0-301F-11D3-BF4B-00C04F79EFBC}") = "ClassLibrary1", "ClassLibrary1\ClassLibrary1.csproj", "{DA01AB9C-0546-4860-B04F-ADEDA35884B8}"
EndProject
Global
	GlobalSection(SolutionConfigurationPlatforms) = preSolution
		Debug|Any CPU = Debug|Any CPU
		Release|Any CPU = Release|Any CPU
	EndGlobalSection
	GlobalSection(ProjectConfigurationPlatforms) = postSolution
		{31C2FCD7-DF89-49DA-8D60-B34720CE5E19}.Debug|Any CPU.ActiveCfg = Debug|Any CPU
		{31C2FCD7-DF89-49DA-8D60-B34720CE5E19}.Debug|Any CPU.Build.0 = Debug|Any CPU
		{31C2FCD7-DF89-49DA-8D60-B34720CE5E19}.Release|Any CPU.ActiveCfg = Release|Any CPU
		{31C2FCD7-DF89-49DA-8D60-B34720CE5E19}.Release|Any CPU.Build.0 = Release|Any CPU
		{0247FFBC-7A94-43E7-B078-28CAD2DECAF7}.Debug|Any CPU.ActiveCfg = Debug|Any CPU
		{0247FFBC-7A94-43E7-B078-28CAD2DECAF7}.Debug|Any CPU.Build.0 = Debug|Any CPU
		{0247FFBC-7A94-43E7-B078-28CAD2DECAF7}.Release|Any CPU.ActiveCfg = Release|Any CPU
		{0247FFBC-7A94-43E7-B078-28CAD2DECAF7}.Release|Any CPU.Build.0 = Release|Any CPU
		{075757B7-7265-4F78-A9AC-311B75681AB9}.Debug|Any CPU.ActiveCfg = Debug|Any CPU
		{075757B7-7265-4F78-A9AC-311B75681AB9}.Debug|Any CPU.Build.0 = Debug|Any CPU
		{075757B7-7265-4F78-A9AC-311B75681AB9}.Release|Any CPU.ActiveCfg = Release|Any CPU
		{075757B7-7265-4F78-A9AC-311B75681AB9}.Release|Any CPU.Build.0 = Release|Any CPU
		{CCB5D30C-5A3C-464B-9131-7178909D7DC2}.Debug|Any CPU.ActiveCfg = Debug|Any CPU
		{CCB5D30C-5A3C-464B-9131-7178909D7DC2}.Debug|Any CPU.Build.0 = Debug|Any CPU
		{CCB5D30C-5A3C-464B-9131-7178909D7DC2}.Release|Any CPU.ActiveCfg = Release|Any CPU
		{CCB5D30C-5A3C-464B-9131-7178909D7DC2}.Release|Any CPU.Build.0 = Release|Any CPU
		{5681CB55-ED10-4EBA-85CF-B61EF31D9036}.Debug|Any CPU.ActiveCfg = Debug|Any CPU
		{5681CB55-ED10-4EBA-85CF-B61EF31D9036}.Debug|Any CPU.Build.0 = Debug|Any CPU
		{5681CB55-ED10-4EBA-85CF-B61EF31D9036}.Release|Any CPU.ActiveCfg = Release|Any CPU
		{5681CB55-ED10-4EBA-85CF-B61EF31D9036}.Release|Any CPU.Build.0 = Release|Any CPU
		{01EA2928-C33E-4007-B265-EA60DDFC6F4B}.Debug|Any CPU.ActiveCfg = Debug|Any CPU
		{01EA2928-C33E-4007-B265-EA60DDFC6F4B}.Debug|Any CPU.Build.0 = Debug|Any CPU
		{01EA2928-C33E-4007-B265-EA60DDFC6F4B}.Release|Any CPU.ActiveCfg = Release|Any CPU
		{01EA2928-C33E-4007-B265-EA60DDFC6F4B}.Release|Any CPU.Build.0 = Release|Any CPU
		{DA01AB9C-0546-4860-B04F-ADEDA35884B8}.Debug|Any CPU.ActiveCfg = Debug|Any CPU
		{DA01AB9C-0546-4860-B04F-ADEDA35884B8}.Debug|Any CPU.Build.0 = Debug|Any CPU
		{DA01AB9C-0546-4860-B04F-ADEDA35884B8}.Release|Any CPU.ActiveCfg = Release|Any CPU
		{DA01AB9C-0546-4860-B04F-ADEDA35884B8}.Release|Any CPU.Build.0 = Release|Any CPU
	EndGlobalSection
	GlobalSection(SolutionProperties) = preSolution
		HideSolutionNode = FALSE
	EndGlobalSection
	GlobalSection(ExtensibilityGlobals) = postSolution
		SolutionGuid = {48945801-A5CE-43FB-AA45-524DE97773FE}
	EndGlobalSection
EndGlobal
